
Microsoft Visual Studio Solution File, Format Version 12.00
# Visual Studio Version 16
VisualStudioVersion = 16.0.32630.194
MinimumVisualStudioVersion = 10.0.40219.1
Project("{FAE04EC0-301F-11D3-BF4B-00C04F79EFBC}") = "C_Wimform", "C_Wimform\C_Wimform.csproj", "{AA1E8FA1-D2CC-4F21-BD87-04A2787E7169}"
EndProject
Global
	GlobalSection(SolutionConfigurationPlatforms) = preSolution
		Debug|Any CPU = Debug|Any CPU
		Release|Any CPU = Release|Any CPU
	EndGlobalSection
	GlobalSection(ProjectConfigurationPlatforms) = postSolution
		{AA1E8FA1-D2CC-4F21-BD87-04A2787E7169}.Debug|Any CPU.ActiveCfg = Debug|Any CPU
		{AA1E8FA1-D2CC-4F21-BD87-04A2787E7169}.Debug|Any CPU.Build.0 = Debug|Any CPU
		{AA1E8FA1-D2CC-4F21-BD87-04A2787E7169}.Release|Any CPU.ActiveCfg = Release|Any CPU
		{AA1E8FA1-D2CC-4F21-BD87-04A2787E7169}.Release|Any CPU.Build.0 = Release|Any CPU
	EndGlobalSection
	GlobalSection(SolutionProperties) = preSolution
		HideSolutionNode = FALSE
	EndGlobalSection
	GlobalSection(ExtensibilityGlobals) = postSolution
		SolutionGuid = {49254F95-A4AE-4E03-9707-F82D77FDC4F8}
	EndGlobalSection
EndGlobal
